// !$*UTF8*$!
{
	archiveVersion = 1;
	classes = {
	};
	objectVersion = 51;
	objects = {

/* Begin PBXBuildFile section */
		2453DC17B9AAF87B07DE94FF /* Pods_Email_Authentication_FirebaseTests.framework in Frameworks */ = {isa = PBXBuildFile; fileRef = E8043603AC8942EAFBE54C50 /* Pods_Email_Authentication_FirebaseTests.framework */; };
		61BF240D23A895E300B0D726 /* AppDelegate.swift in Sources */ = {isa = PBXBuildFile; fileRef = 61BF240C23A895E300B0D726 /* AppDelegate.swift */; };
		61BF240F23A895E300B0D726 /* SceneDelegate.swift in Sources */ = {isa = PBXBuildFile; fileRef = 61BF240E23A895E300B0D726 /* SceneDelegate.swift */; };
		61BF241123A895E300B0D726 /* ViewController.swift in Sources */ = {isa = PBXBuildFile; fileRef = 61BF241023A895E300B0D726 /* ViewController.swift */; };
		61BF241423A895E300B0D726 /* Main.storyboard in Resources */ = {isa = PBXBuildFile; fileRef = 61BF241223A895E300B0D726 /* Main.storyboard */; };
		61BF241623A895E500B0D726 /* Assets.xcassets in Resources */ = {isa = PBXBuildFile; fileRef = 61BF241523A895E500B0D726 /* Assets.xcassets */; };
		61BF241923A895E500B0D726 /* LaunchScreen.storyboard in Resources */ = {isa = PBXBuildFile; fileRef = 61BF241723A895E500B0D726 /* LaunchScreen.storyboard */; };
		61BF242423A895E600B0D726 /* Email_Authentication_FirebaseTests.swift in Sources */ = {isa = PBXBuildFile; fileRef = 61BF242323A895E600B0D726 /* Email_Authentication_FirebaseTests.swift */; };
		61BF242F23A895E600B0D726 /* Email_Authentication_FirebaseUITests.swift in Sources */ = {isa = PBXBuildFile; fileRef = 61BF242E23A895E600B0D726 /* Email_Authentication_FirebaseUITests.swift */; };
		61BF243D23A8973D00B0D726 /* GoogleService-Info.plist in Resources */ = {isa = PBXBuildFile; fileRef = 61BF243C23A8973D00B0D726 /* GoogleService-Info.plist */; };
		61BF243F23A89A3600B0D726 /* BuildFile in Embed Frameworks */ = {isa = PBXBuildFile; settings = {ATTRIBUTES = (CodeSignOnCopy, RemoveHeadersOnCopy, ); }; };
		A26E41B62E5A7FFB3A29C884 /* Pods_Email_Authentication_Firebase_Email_Authentication_FirebaseUITests.framework in Frameworks */ = {isa = PBXBuildFile; fileRef = 021B585ACB0CA3E434313981 /* Pods_Email_Authentication_Firebase_Email_Authentication_FirebaseUITests.framework */; };
		F1395907E44B59A9783E07A2 /* Pods_Email_Authentication_Firebase.framework in Frameworks */ = {isa = PBXBuildFile; fileRef = 54696A3E3C332186A0651503 /* Pods_Email_Authentication_Firebase.framework */; };
/* End PBXBuildFile section */

/* Begin PBXContainerItemProxy section */
		61BF242023A895E600B0D726 /* PBXContainerItemProxy */ = {
			isa = PBXContainerItemProxy;
			containerPortal = 61BF240123A895E300B0D726 /* Project object */;
			proxyType = 1;
			remoteGlobalIDString = 61BF240823A895E300B0D726;
			remoteInfo = "Email Authentication Firebase";
		};
		61BF242B23A895E600B0D726 /* PBXContainerItemProxy */ = {
			isa = PBXContainerItemProxy;
			containerPortal = 61BF240123A895E300B0D726 /* Project object */;
			proxyType = 1;
			remoteGlobalIDString = 61BF240823A895E300B0D726;
			remoteInfo = "Email Authentication Firebase";
		};
/* End PBXContainerItemProxy section */

/* Begin PBXCopyFilesBuildPhase section */
		61BF244023A89A3600B0D726 /* Embed Frameworks */ = {
			isa = PBXCopyFilesBuildPhase;
			buildActionMask = 2147483647;
			dstPath = "";
			dstSubfolderSpec = 10;
			files = (
				61BF243F23A89A3600B0D726 /* BuildFile in Embed Frameworks */,
			);
			name = "Embed Frameworks";
			runOnlyForDeploymentPostprocessing = 0;
		};
/* End PBXCopyFilesBuildPhase section */

/* Begin PBXFileReference section */
		00461128158E958F1F393D5B /* Pods-Email Authentication FirebaseTests.release.xcconfig */ = {isa = PBXFileReference; includeInIndex = 1; lastKnownFileType = text.xcconfig; name = "Pods-Email Authentication FirebaseTests.release.xcconfig"; path = "Target Support Files/Pods-Email Authentication FirebaseTests/Pods-Email Authentication FirebaseTests.release.xcconfig"; sourceTree = "<group>"; };
		021B585ACB0CA3E434313981 /* Pods_Email_Authentication_Firebase_Email_Authentication_FirebaseUITests.framework */ = {isa = PBXFileReference; explicitFileType = wrapper.framework; includeInIndex = 0; path = Pods_Email_Authentication_Firebase_Email_Authentication_FirebaseUITests.framework; sourceTree = BUILT_PRODUCTS_DIR; };
		54696A3E3C332186A0651503 /* Pods_Email_Authentication_Firebase.framework */ = {isa = PBXFileReference; explicitFileType = wrapper.framework; includeInIndex = 0; path = Pods_Email_Authentication_Firebase.framework; sourceTree = BUILT_PRODUCTS_DIR; };
		5C04BEB23C16708F5C782571 /* Pods-Email Authentication Firebase.debug.xcconfig */ = {isa = PBXFileReference; includeInIndex = 1; lastKnownFileType = text.xcconfig; name = "Pods-Email Authentication Firebase.debug.xcconfig"; path = "Target Support Files/Pods-Email Authentication Firebase/Pods-Email Authentication Firebase.debug.xcconfig"; sourceTree = "<group>"; };
		61BF240923A895E300B0D726 /* Email Authentication Firebase.app */ = {isa = PBXFileReference; explicitFileType = wrapper.application; includeInIndex = 0; path = "Email Authentication Firebase.app"; sourceTree = BUILT_PRODUCTS_DIR; };
		61BF240C23A895E300B0D726 /* AppDelegate.swift */ = {isa = PBXFileReference; lastKnownFileType = sourcecode.swift; path = AppDelegate.swift; sourceTree = "<group>"; };
		61BF240E23A895E300B0D726 /* SceneDelegate.swift */ = {isa = PBXFileReference; lastKnownFileType = sourcecode.swift; path = SceneDelegate.swift; sourceTree = "<group>"; };
		61BF241023A895E300B0D726 /* ViewController.swift */ = {isa = PBXFileReference; lastKnownFileType = sourcecode.swift; path = ViewController.swift; sourceTree = "<group>"; };
		61BF241323A895E300B0D726 /* Base */ = {isa = PBXFileReference; lastKnownFileType = file.storyboard; name = Base; path = Base.lproj/Main.storyboard; sourceTree = "<group>"; };
		61BF241523A895E500B0D726 /* Assets.xcassets */ = {isa = PBXFileReference; lastKnownFileType = folder.assetcatalog; path = Assets.xcassets; sourceTree = "<group>"; };
		61BF241823A895E500B0D726 /* Base */ = {isa = PBXFileReference; lastKnownFileType = file.storyboard; name = Base; path = Base.lproj/LaunchScreen.storyboard; sourceTree = "<group>"; };
		61BF241A23A895E500B0D726 /* Info.plist */ = {isa = PBXFileReference; lastKnownFileType = text.plist.xml; path = Info.plist; sourceTree = "<group>"; };
		61BF241F23A895E600B0D726 /* Email Authentication FirebaseTests.xctest */ = {isa = PBXFileReference; explicitFileType = wrapper.cfbundle; includeInIndex = 0; path = "Email Authentication FirebaseTests.xctest"; sourceTree = BUILT_PRODUCTS_DIR; };
		61BF242323A895E600B0D726 /* Email_Authentication_FirebaseTests.swift */ = {isa = PBXFileReference; lastKnownFileType = sourcecode.swift; path = Email_Authentication_FirebaseTests.swift; sourceTree = "<group>"; };
		61BF242523A895E600B0D726 /* Info.plist */ = {isa = PBXFileReference; lastKnownFileType = text.plist.xml; path = Info.plist; sourceTree = "<group>"; };
		61BF242A23A895E600B0D726 /* Email Authentication FirebaseUITests.xctest */ = {isa = PBXFileReference; explicitFileType = wrapper.cfbundle; includeInIndex = 0; path = "Email Authentication FirebaseUITests.xctest"; sourceTree = BUILT_PRODUCTS_DIR; };
		61BF242E23A895E600B0D726 /* Email_Authentication_FirebaseUITests.swift */ = {isa = PBXFileReference; lastKnownFileType = sourcecode.swift; path = Email_Authentication_FirebaseUITests.swift; sourceTree = "<group>"; };
		61BF243023A895E600B0D726 /* Info.plist */ = {isa = PBXFileReference; lastKnownFileType = text.plist.xml; path = Info.plist; sourceTree = "<group>"; };
		61BF243C23A8973D00B0D726 /* GoogleService-Info.plist */ = {isa = PBXFileReference; fileEncoding = 4; lastKnownFileType = text.plist.xml; path = "GoogleService-Info.plist"; sourceTree = "<group>"; };
		76EF6A8308D2D3D03809458D /* Pods-Email Authentication FirebaseTests.debug.xcconfig */ = {isa = PBXFileReference; includeInIndex = 1; lastKnownFileType = text.xcconfig; name = "Pods-Email Authentication FirebaseTests.debug.xcconfig"; path = "Target Support Files/Pods-Email Authentication FirebaseTests/Pods-Email Authentication FirebaseTests.debug.xcconfig"; sourceTree = "<group>"; };
		9D247C3E934013E7CB6D0EB9 /* Pods-Email Authentication Firebase-Email Authentication FirebaseUITests.release.xcconfig */ = {isa = PBXFileReference; includeInIndex = 1; lastKnownFileType = text.xcconfig; name = "Pods-Email Authentication Firebase-Email Authentication FirebaseUITests.release.xcconfig"; path = "Target Support Files/Pods-Email Authentication Firebase-Email Authentication FirebaseUITests/Pods-Email Authentication Firebase-Email Authentication FirebaseUITests.release.xcconfig"; sourceTree = "<group>"; };
		A00B15B7F685474D3D2519B0 /* Pods-Email Authentication Firebase-Email Authentication FirebaseUITests.debug.xcconfig */ = {isa = PBXFileReference; includeInIndex = 1; lastKnownFileType = text.xcconfig; name = "Pods-Email Authentication Firebase-Email Authentication FirebaseUITests.debug.xcconfig"; path = "Target Support Files/Pods-Email Authentication Firebase-Email Authentication FirebaseUITests/Pods-Email Authentication Firebase-Email Authentication FirebaseUITests.debug.xcconfig"; sourceTree = "<group>"; };
		ADF208E18A6A2526A7676A5E /* Pods-Email Authentication Firebase.release.xcconfig */ = {isa = PBXFileReference; includeInIndex = 1; lastKnownFileType = text.xcconfig; name = "Pods-Email Authentication Firebase.release.xcconfig"; path = "Target Support Files/Pods-Email Authentication Firebase/Pods-Email Authentication Firebase.release.xcconfig"; sourceTree = "<group>"; };
		E8043603AC8942EAFBE54C50 /* Pods_Email_Authentication_FirebaseTests.framework */ = {isa = PBXFileReference; explicitFileType = wrapper.framework; includeInIndex = 0; path = Pods_Email_Authentication_FirebaseTests.framework; sourceTree = BUILT_PRODUCTS_DIR; };
/* End PBXFileReference section */

/* Begin PBXFrameworksBuildPhase section */
		61BF240623A895E300B0D726 /* Frameworks */ = {
			isa = PBXFrameworksBuildPhase;
			buildActionMask = 2147483647;
			files = (
				F1395907E44B59A9783E07A2 /* Pods_Email_Authentication_Firebase.framework in Frameworks */,
			);
			runOnlyForDeploymentPostprocessing = 0;
		};
		61BF241C23A895E600B0D726 /* Frameworks */ = {
			isa = PBXFrameworksBuildPhase;
			buildActionMask = 2147483647;
			files = (
				2453DC17B9AAF87B07DE94FF /* Pods_Email_Authentication_FirebaseTests.framework in Frameworks */,
			);
			runOnlyForDeploymentPostprocessing = 0;
		};
		61BF242723A895E600B0D726 /* Frameworks */ = {
			isa = PBXFrameworksBuildPhase;
			buildActionMask = 2147483647;
			files = (
				A26E41B62E5A7FFB3A29C884 /* Pods_Email_Authentication_Firebase_Email_Authentication_FirebaseUITests.framework in Frameworks */,
			);
			runOnlyForDeploymentPostprocessing = 0;
		};
/* End PBXFrameworksBuildPhase section */

/* Begin PBXGroup section */
		2B62F3205F282ACC6E416F91 /* Frameworks */ = {
			isa = PBXGroup;
			children = (
				54696A3E3C332186A0651503 /* Pods_Email_Authentication_Firebase.framework */,
				021B585ACB0CA3E434313981 /* Pods_Email_Authentication_Firebase_Email_Authentication_FirebaseUITests.framework */,
				E8043603AC8942EAFBE54C50 /* Pods_Email_Authentication_FirebaseTests.framework */,
			);
			name = Frameworks;
			sourceTree = "<group>";
		};
		61BF240023A895E300B0D726 = {
			isa = PBXGroup;
			children = (
				61BF240B23A895E300B0D726 /* Email Authentication Firebase */,
				61BF242223A895E600B0D726 /* Email Authentication FirebaseTests */,
				61BF242D23A895E600B0D726 /* Email Authentication FirebaseUITests */,
				61BF240A23A895E300B0D726 /* Products */,
				6F4D080C8F3475B3842D5E29 /* Pods */,
				2B62F3205F282ACC6E416F91 /* Frameworks */,
			);
			sourceTree = "<group>";
		};
		61BF240A23A895E300B0D726 /* Products */ = {
			isa = PBXGroup;
			children = (
				61BF240923A895E300B0D726 /* Email Authentication Firebase.app */,
				61BF241F23A895E600B0D726 /* Email Authentication FirebaseTests.xctest */,
				61BF242A23A895E600B0D726 /* Email Authentication FirebaseUITests.xctest */,
			);
			name = Products;
			sourceTree = "<group>";
		};
		61BF240B23A895E300B0D726 /* Email Authentication Firebase */ = {
			isa = PBXGroup;
			children = (
				61BF240C23A895E300B0D726 /* AppDelegate.swift */,
				61BF240E23A895E300B0D726 /* SceneDelegate.swift */,
				61BF241023A895E300B0D726 /* ViewController.swift */,
				61BF241223A895E300B0D726 /* Main.storyboard */,
				61BF241523A895E500B0D726 /* Assets.xcassets */,
				61BF241723A895E500B0D726 /* LaunchScreen.storyboard */,
				61BF243C23A8973D00B0D726 /* GoogleService-Info.plist */,
				61BF241A23A895E500B0D726 /* Info.plist */,
			);
			path = "Email Authentication Firebase";
			sourceTree = "<group>";
		};
		61BF242223A895E600B0D726 /* Email Authentication FirebaseTests */ = {
			isa = PBXGroup;
			children = (
				61BF242323A895E600B0D726 /* Email_Authentication_FirebaseTests.swift */,
				61BF242523A895E600B0D726 /* Info.plist */,
			);
			path = "Email Authentication FirebaseTests";
			sourceTree = "<group>";
		};
		61BF242D23A895E600B0D726 /* Email Authentication FirebaseUITests */ = {
			isa = PBXGroup;
			children = (
				61BF242E23A895E600B0D726 /* Email_Authentication_FirebaseUITests.swift */,
				61BF243023A895E600B0D726 /* Info.plist */,
			);
			path = "Email Authentication FirebaseUITests";
			sourceTree = "<group>";
		};
		6F4D080C8F3475B3842D5E29 /* Pods */ = {
			isa = PBXGroup;
			children = (
				5C04BEB23C16708F5C782571 /* Pods-Email Authentication Firebase.debug.xcconfig */,
				ADF208E18A6A2526A7676A5E /* Pods-Email Authentication Firebase.release.xcconfig */,
				A00B15B7F685474D3D2519B0 /* Pods-Email Authentication Firebase-Email Authentication FirebaseUITests.debug.xcconfig */,
				9D247C3E934013E7CB6D0EB9 /* Pods-Email Authentication Firebase-Email Authentication FirebaseUITests.release.xcconfig */,
				76EF6A8308D2D3D03809458D /* Pods-Email Authentication FirebaseTests.debug.xcconfig */,
				00461128158E958F1F393D5B /* Pods-Email Authentication FirebaseTests.release.xcconfig */,
			);
			path = Pods;
			sourceTree = "<group>";
		};
/* End PBXGroup section */

/* Begin PBXNativeTarget section */
		61BF240823A895E300B0D726 /* Email Authentication Firebase */ = {
			isa = PBXNativeTarget;
			buildConfigurationList = 61BF243323A895E600B0D726 /* Build configuration list for PBXNativeTarget "Email Authentication Firebase" */;
			buildPhases = (
				29D347C049054A96F5C68226 /* [CP] Check Pods Manifest.lock */,
				61BF240523A895E300B0D726 /* Sources */,
				61BF240623A895E300B0D726 /* Frameworks */,
				61BF240723A895E300B0D726 /* Resources */,
				61BF244023A89A3600B0D726 /* Embed Frameworks */,
				7FFFB02A0F71059805C41E2F /* [CP] Embed Pods Frameworks */,
			);
			buildRules = (
			);
			dependencies = (
			);
			name = "Email Authentication Firebase";
			productName = "Email Authentication Firebase";
			productReference = 61BF240923A895E300B0D726 /* Email Authentication Firebase.app */;
			productType = "com.apple.product-type.application";
		};
		61BF241E23A895E600B0D726 /* Email Authentication FirebaseTests */ = {
			isa = PBXNativeTarget;
			buildConfigurationList = 61BF243623A895E600B0D726 /* Build configuration list for PBXNativeTarget "Email Authentication FirebaseTests" */;
			buildPhases = (
				476DA58D43257F5D6FA3E622 /* [CP] Check Pods Manifest.lock */,
				61BF241B23A895E600B0D726 /* Sources */,
				61BF241C23A895E600B0D726 /* Frameworks */,
				61BF241D23A895E600B0D726 /* Resources */,
			);
			buildRules = (
			);
			dependencies = (
				61BF242123A895E600B0D726 /* PBXTargetDependency */,
			);
			name = "Email Authentication FirebaseTests";
			productName = "Email Authentication FirebaseTests";
			productReference = 61BF241F23A895E600B0D726 /* Email Authentication FirebaseTests.xctest */;
			productType = "com.apple.product-type.bundle.unit-test";
		};
		61BF242923A895E600B0D726 /* Email Authentication FirebaseUITests */ = {
			isa = PBXNativeTarget;
			buildConfigurationList = 61BF243923A895E600B0D726 /* Build configuration list for PBXNativeTarget "Email Authentication FirebaseUITests" */;
			buildPhases = (
				6816CE669310998C59BD805A /* [CP] Check Pods Manifest.lock */,
				61BF242623A895E600B0D726 /* Sources */,
				61BF242723A895E600B0D726 /* Frameworks */,
				61BF242823A895E600B0D726 /* Resources */,
				9C81455042AAFC3DBB5D8A3E /* [CP] Embed Pods Frameworks */,
			);
			buildRules = (
			);
			dependencies = (
				61BF242C23A895E600B0D726 /* PBXTargetDependency */,
			);
			name = "Email Authentication FirebaseUITests";
			productName = "Email Authentication FirebaseUITests";
			productReference = 61BF242A23A895E600B0D726 /* Email Authentication FirebaseUITests.xctest */;
			productType = "com.apple.product-type.bundle.ui-testing";
		};
/* End PBXNativeTarget section */

/* Begin PBXProject section */
		61BF240123A895E300B0D726 /* Project object */ = {
			isa = PBXProject;
			attributes = {
				LastSwiftUpdateCheck = 1120;
				LastUpgradeCheck = 1120;
				ORGANIZATIONNAME = "Rana AITS";
				TargetAttributes = {
					61BF240823A895E300B0D726 = {
						CreatedOnToolsVersion = 11.2.1;
					};
					61BF241E23A895E600B0D726 = {
						CreatedOnToolsVersion = 11.2.1;
						TestTargetID = 61BF240823A895E300B0D726;
					};
					61BF242923A895E600B0D726 = {
						CreatedOnToolsVersion = 11.2.1;
						TestTargetID = 61BF240823A895E300B0D726;
					};
				};
			};
			buildConfigurationList = 61BF240423A895E300B0D726 /* Build configuration list for PBXProject "Email Authentication Firebase" */;
			compatibilityVersion = "Xcode 9.3";
			developmentRegion = en;
			hasScannedForEncodings = 0;
			knownRegions = (
				en,
				Base,
			);
			mainGroup = 61BF240023A895E300B0D726;
			productRefGroup = 61BF240A23A895E300B0D726 /* Products */;
			projectDirPath = "";
			projectRoot = "";
			targets = (
				61BF240823A895E300B0D726 /* Email Authentication Firebase */,
				61BF241E23A895E600B0D726 /* Email Authentication FirebaseTests */,
				61BF242923A895E600B0D726 /* Email Authentication FirebaseUITests */,
			);
		};
/* End PBXProject section */

/* Begin PBXResourcesBuildPhase section */
		61BF240723A895E300B0D726 /* Resources */ = {
			isa = PBXResourcesBuildPhase;
			buildActionMask = 2147483647;
			files = (
				61BF241923A895E500B0D726 /* LaunchScreen.storyboard in Resources */,
				61BF243D23A8973D00B0D726 /* GoogleService-Info.plist in Resources */,
				61BF241623A895E500B0D726 /* Assets.xcassets in Resources */,
				61BF241423A895E300B0D726 /* Main.storyboard in Resources */,
			);
			runOnlyForDeploymentPostprocessing = 0;
		};
		61BF241D23A895E600B0D726 /* Resources */ = {
			isa = PBXResourcesBuildPhase;
			buildActionMask = 2147483647;
			files = (
			);
			runOnlyForDeploymentPostprocessing = 0;
		};
		61BF242823A895E600B0D726 /* Resources */ = {
			isa = PBXResourcesBuildPhase;
			buildActionMask = 2147483647;
			files = (
			);
			runOnlyForDeploymentPostprocessing = 0;
		};
/* End PBXResourcesBuildPhase section */

/* Begin PBXShellScriptBuildPhase section */
		29D347C049054A96F5C68226 /* [CP] Check Pods Manifest.lock */ = {
			isa = PBXShellScriptBuildPhase;
			buildActionMask = 2147483647;
			files = (
			);
			inputFileListPaths = (
			);
			inputPaths = (
				"${PODS_PODFILE_DIR_PATH}/Podfile.lock",
				"${PODS_ROOT}/Manifest.lock",
			);
			name = "[CP] Check Pods Manifest.lock";
			outputFileListPaths = (
			);
			outputPaths = (
				"$(DERIVED_FILE_DIR)/Pods-Email Authentication Firebase-checkManifestLockResult.txt",
			);
			runOnlyForDeploymentPostprocessing = 0;
			shellPath = /bin/sh;
			shellScript = "diff \"${PODS_PODFILE_DIR_PATH}/Podfile.lock\" \"${PODS_ROOT}/Manifest.lock\" > /dev/null\nif [ $? != 0 ] ; then\n    # print error to STDERR\n    echo \"error: The sandbox is not in sync with the Podfile.lock. Run 'pod install' or update your CocoaPods installation.\" >&2\n    exit 1\nfi\n# This output is used by Xcode 'outputs' to avoid re-running this script phase.\necho \"SUCCESS\" > \"${SCRIPT_OUTPUT_FILE_0}\"\n";
			showEnvVarsInLog = 0;
		};
		476DA58D43257F5D6FA3E622 /* [CP] Check Pods Manifest.lock */ = {
			isa = PBXShellScriptBuildPhase;
			buildActionMask = 2147483647;
			files = (
			);
			inputFileListPaths = (
			);
			inputPaths = (
				"${PODS_PODFILE_DIR_PATH}/Podfile.lock",
				"${PODS_ROOT}/Manifest.lock",
			);
			name = "[CP] Check Pods Manifest.lock";
			outputFileListPaths = (
			);
			outputPaths = (
				"$(DERIVED_FILE_DIR)/Pods-Email Authentication FirebaseTests-checkManifestLockResult.txt",
			);
			runOnlyForDeploymentPostprocessing = 0;
			shellPath = /bin/sh;
			shellScript = "diff \"${PODS_PODFILE_DIR_PATH}/Podfile.lock\" \"${PODS_ROOT}/Manifest.lock\" > /dev/null\nif [ $? != 0 ] ; then\n    # print error to STDERR\n    echo \"error: The sandbox is not in sync with the Podfile.lock. Run 'pod install' or update your CocoaPods installation.\" >&2\n    exit 1\nfi\n# This output is used by Xcode 'outputs' to avoid re-running this script phase.\necho \"SUCCESS\" > \"${SCRIPT_OUTPUT_FILE_0}\"\n";
			showEnvVarsInLog = 0;
		};
		6816CE669310998C59BD805A /* [CP] Check Pods Manifest.lock */ = {
			isa = PBXShellScriptBuildPhase;
			buildActionMask = 2147483647;
			files = (
			);
			inputFileListPaths = (
			);
			inputPaths = (
				"${PODS_PODFILE_DIR_PATH}/Podfile.lock",
				"${PODS_ROOT}/Manifest.lock",
			);
			name = "[CP] Check Pods Manifest.lock";
			outputFileListPaths = (
			);
			outputPaths = (
				"$(DERIVED_FILE_DIR)/Pods-Email Authentication Firebase-Email Authentication FirebaseUITests-checkManifestLockResult.txt",
			);
			runOnlyForDeploymentPostprocessing = 0;
			shellPath = /bin/sh;
			shellScript = "diff \"${PODS_PODFILE_DIR_PATH}/Podfile.lock\" \"${PODS_ROOT}/Manifest.lock\" > /dev/null\nif [ $? != 0 ] ; then\n    # print error to STDERR\n    echo \"error: The sandbox is not in sync with the Podfile.lock. Run 'pod install' or update your CocoaPods installation.\" >&2\n    exit 1\nfi\n# This output is used by Xcode 'outputs' to avoid re-running this script phase.\necho \"SUCCESS\" > \"${SCRIPT_OUTPUT_FILE_0}\"\n";
			showEnvVarsInLog = 0;
		};
		7FFFB02A0F71059805C41E2F /* [CP] Embed Pods Frameworks */ = {
			isa = PBXShellScriptBuildPhase;
			buildActionMask = 2147483647;
			files = (
			);
			inputFileListPaths = (
				"${PODS_ROOT}/Target Support Files/Pods-Email Authentication Firebase/Pods-Email Authentication Firebase-frameworks-${CONFIGURATION}-input-files.xcfilelist",
			);
			name = "[CP] Embed Pods Frameworks";
			outputFileListPaths = (
				"${PODS_ROOT}/Target Support Files/Pods-Email Authentication Firebase/Pods-Email Authentication Firebase-frameworks-${CONFIGURATION}-output-files.xcfilelist",
			);
			runOnlyForDeploymentPostprocessing = 0;
			shellPath = /bin/sh;
			shellScript = "\"${PODS_ROOT}/Target Support Files/Pods-Email Authentication Firebase/Pods-Email Authentication Firebase-frameworks.sh\"\n";
			showEnvVarsInLog = 0;
		};
		9C81455042AAFC3DBB5D8A3E /* [CP] Embed Pods Frameworks */ = {
			isa = PBXShellScriptBuildPhase;
			buildActionMask = 2147483647;
			files = (
			);
			inputFileListPaths = (
				"${PODS_ROOT}/Target Support Files/Pods-Email Authentication Firebase-Email Authentication FirebaseUITests/Pods-Email Authentication Firebase-Email Authentication FirebaseUITests-frameworks-${CONFIGURATION}-input-files.xcfilelist",
			);
			name = "[CP] Embed Pods Frameworks";
			outputFileListPaths = (
				"${PODS_ROOT}/Target Support Files/Pods-Email Authentication Firebase-Email Authentication FirebaseUITests/Pods-Email Authentication Firebase-Email Authentication FirebaseUITests-frameworks-${CONFIGURATION}-output-files.xcfilelist",
			);
			runOnlyForDeploymentPostprocessing = 0;
			shellPath = /bin/sh;
			shellScript = "\"${PODS_ROOT}/Target Support Files/Pods-Email Authentication Firebase-Email Authentication FirebaseUITests/Pods-Email Authentication Firebase-Email Authentication FirebaseUITests-frameworks.sh\"\n";
			showEnvVarsInLog = 0;
		};
/* End PBXShellScriptBuildPhase section */

/* Begin PBXSourcesBuildPhase section */
		61BF240523A895E300B0D726 /* Sources */ = {
			isa = PBXSourcesBuildPhase;
			buildActionMask = 2147483647;
			files = (
				61BF241123A895E300B0D726 /* ViewController.swift in Sources */,
				61BF240D23A895E300B0D726 /* AppDelegate.swift in Sources */,
				61BF240F23A895E300B0D726 /* SceneDelegate.swift in Sources */,
			);
			runOnlyForDeploymentPostprocessing = 0;
		};
		61BF241B23A895E600B0D726 /* Sources */ = {
			isa = PBXSourcesBuildPhase;
			buildActionMask = 2147483647;
			files = (
				61BF242423A895E600B0D726 /* Email_Authentication_FirebaseTests.swift in Sources */,
			);
			runOnlyForDeploymentPostprocessing = 0;
		};
		61BF242623A895E600B0D726 /* Sources */ = {
			isa = PBXSourcesBuildPhase;
			buildActionMask = 2147483647;
			files = (
				61BF242F23A895E600B0D726 /* Email_Authentication_FirebaseUITests.swift in Sources */,
			);
			runOnlyForDeploymentPostprocessing = 0;
		};
/* End PBXSourcesBuildPhase section */

/* Begin PBXTargetDependency section */
		61BF242123A895E600B0D726 /* PBXTargetDependency */ = {
			isa = PBXTargetDependency;
			target = 61BF240823A895E300B0D726 /* Email Authentication Firebase */;
			targetProxy = 61BF242023A895E600B0D726 /* PBXContainerItemProxy */;
		};
		61BF242C23A895E600B0D726 /* PBXTargetDependency */ = {
			isa = PBXTargetDependency;
			target = 61BF240823A895E300B0D726 /* Email Authentication Firebase */;
			targetProxy = 61BF242B23A895E600B0D726 /* PBXContainerItemProxy */;
		};
/* End PBXTargetDependency section */

/* Begin PBXVariantGroup section */
		61BF241223A895E300B0D726 /* Main.storyboard */ = {
			isa = PBXVariantGroup;
			children = (
				61BF241323A895E300B0D726 /* Base */,
			);
			name = Main.storyboard;
			sourceTree = "<group>";
		};
		61BF241723A895E500B0D726 /* LaunchScreen.storyboard */ = {
			isa = PBXVariantGroup;
			children = (
				61BF241823A895E500B0D726 /* Base */,
			);
			name = LaunchScreen.storyboard;
			sourceTree = "<group>";
		};
/* End PBXVariantGroup section */

/* Begin XCBuildConfiguration section */
		61BF243123A895E600B0D726 /* Debug */ = {
			isa = XCBuildConfiguration;
			buildSettings = {
				ALWAYS_SEARCH_USER_PATHS = NO;
				CLANG_ANALYZER_NONNULL = YES;
				CLANG_ANALYZER_NUMBER_OBJECT_CONVERSION = YES_AGGRESSIVE;
				CLANG_CXX_LANGUAGE_STANDARD = "gnu++14";
				CLANG_CXX_LIBRARY = "libc++";
				CLANG_ENABLE_MODULES = YES;
				CLANG_ENABLE_OBJC_ARC = YES;
				CLANG_ENABLE_OBJC_WEAK = YES;
				CLANG_WARN_BLOCK_CAPTURE_AUTORELEASING = YES;
				CLANG_WARN_BOOL_CONVERSION = YES;
				CLANG_WARN_COMMA = YES;
				CLANG_WARN_CONSTANT_CONVERSION = YES;
				CLANG_WARN_DEPRECATED_OBJC_IMPLEMENTATIONS = YES;
				CLANG_WARN_DIRECT_OBJC_ISA_USAGE = YES_ERROR;
				CLANG_WARN_DOCUMENTATION_COMMENTS = YES;
				CLANG_WARN_EMPTY_BODY = YES;
				CLANG_WARN_ENUM_CONVERSION = YES;
				CLANG_WARN_INFINITE_RECURSION = YES;
				CLANG_WARN_INT_CONVERSION = YES;
				CLANG_WARN_NON_LITERAL_NULL_CONVERSION = YES;
				CLANG_WARN_OBJC_IMPLICIT_RETAIN_SELF = YES;
				CLANG_WARN_OBJC_LITERAL_CONVERSION = YES;
				CLANG_WARN_OBJC_ROOT_CLASS = YES_ERROR;
				CLANG_WARN_RANGE_LOOP_ANALYSIS = YES;
				CLANG_WARN_STRICT_PROTOTYPES = YES;
				CLANG_WARN_SUSPICIOUS_MOVE = YES;
				CLANG_WARN_UNGUARDED_AVAILABILITY = YES_AGGRESSIVE;
				CLANG_WARN_UNREACHABLE_CODE = YES;
				CLANG_WARN__DUPLICATE_METHOD_MATCH = YES;
				COPY_PHASE_STRIP = NO;
				DEBUG_INFORMATION_FORMAT = dwarf;
				ENABLE_STRICT_OBJC_MSGSEND = YES;
				ENABLE_TESTABILITY = YES;
				GCC_C_LANGUAGE_STANDARD = gnu11;
				GCC_DYNAMIC_NO_PIC = NO;
				GCC_NO_COMMON_BLOCKS = YES;
				GCC_OPTIMIZATION_LEVEL = 0;
				GCC_PREPROCESSOR_DEFINITIONS = (
					"DEBUG=1",
					"$(inherited)",
				);
				GCC_WARN_64_TO_32_BIT_CONVERSION = YES;
				GCC_WARN_ABOUT_RETURN_TYPE = YES_ERROR;
				GCC_WARN_UNDECLARED_SELECTOR = YES;
				GCC_WARN_UNINITIALIZED_AUTOS = YES_AGGRESSIVE;
				GCC_WARN_UNUSED_FUNCTION = YES;
				GCC_WARN_UNUSED_VARIABLE = YES;
				IPHONEOS_DEPLOYMENT_TARGET = 13.2;
				MTL_ENABLE_DEBUG_INFO = INCLUDE_SOURCE;
				MTL_FAST_MATH = YES;
				ONLY_ACTIVE_ARCH = YES;
				SDKROOT = iphoneos;
				SWIFT_ACTIVE_COMPILATION_CONDITIONS = DEBUG;
				SWIFT_OPTIMIZATION_LEVEL = "-Onone";
			};
			name = Debug;
		};
		61BF243223A895E600B0D726 /* Release */ = {
			isa = XCBuildConfiguration;
			buildSettings = {
				ALWAYS_SEARCH_USER_PATHS = NO;
				CLANG_ANALYZER_NONNULL = YES;
				CLANG_ANALYZER_NUMBER_OBJECT_CONVERSION = YES_AGGRESSIVE;
				CLANG_CXX_LANGUAGE_STANDARD = "gnu++14";
				CLANG_CXX_LIBRARY = "libc++";
				CLANG_ENABLE_MODULES = YES;
				CLANG_ENABLE_OBJC_ARC = YES;
				CLANG_ENABLE_OBJC_WEAK = YES;
				CLANG_WARN_BLOCK_CAPTURE_AUTORELEASING = YES;
				CLANG_WARN_BOOL_CONVERSION = YES;
				CLANG_WARN_COMMA = YES;
				CLANG_WARN_CONSTANT_CONVERSION = YES;
				CLANG_WARN_DEPRECATED_OBJC_IMPLEMENTATIONS = YES;
				CLANG_WARN_DIRECT_OBJC_ISA_USAGE = YES_ERROR;
				CLANG_WARN_DOCUMENTATION_COMMENTS = YES;
				CLANG_WARN_EMPTY_BODY = YES;
				CLANG_WARN_ENUM_CONVERSION = YES;
				CLANG_WARN_INFINITE_RECURSION = YES;
				CLANG_WARN_INT_CONVERSION = YES;
				CLANG_WARN_NON_LITERAL_NULL_CONVERSION = YES;
				CLANG_WARN_OBJC_IMPLICIT_RETAIN_SELF = YES;
				CLANG_WARN_OBJC_LITERAL_CONVERSION = YES;
				CLANG_WARN_OBJC_ROOT_CLASS = YES_ERROR;
				CLANG_WARN_RANGE_LOOP_ANALYSIS = YES;
				CLANG_WARN_STRICT_PROTOTYPES = YES;
				CLANG_WARN_SUSPICIOUS_MOVE = YES;
				CLANG_WARN_UNGUARDED_AVAILABILITY = YES_AGGRESSIVE;
				CLANG_WARN_UNREACHABLE_CODE = YES;
				CLANG_WARN__DUPLICATE_METHOD_MATCH = YES;
				COPY_PHASE_STRIP = NO;
				DEBUG_INFORMATION_FORMAT = "dwarf-with-dsym";
				ENABLE_NS_ASSERTIONS = NO;
				ENABLE_STRICT_OBJC_MSGSEND = YES;
				GCC_C_LANGUAGE_STANDARD = gnu11;
				GCC_NO_COMMON_BLOCKS = YES;
				GCC_WARN_64_TO_32_BIT_CONVERSION = YES;
				GCC_WARN_ABOUT_RETURN_TYPE = YES_ERROR;
				GCC_WARN_UNDECLARED_SELECTOR = YES;
				GCC_WARN_UNINITIALIZED_AUTOS = YES_AGGRESSIVE;
				GCC_WARN_UNUSED_FUNCTION = YES;
				GCC_WARN_UNUSED_VARIABLE = YES;
				IPHONEOS_DEPLOYMENT_TARGET = 13.2;
				MTL_ENABLE_DEBUG_INFO = NO;
				MTL_FAST_MATH = YES;
				SDKROOT = iphoneos;
				SWIFT_COMPILATION_MODE = wholemodule;
				SWIFT_OPTIMIZATION_LEVEL = "-O";
				VALIDATE_PRODUCT = YES;
			};
			name = Release;
		};
		61BF243423A895E600B0D726 /* Debug */ = {
			isa = XCBuildConfiguration;
			baseConfigurationReference = 5C04BEB23C16708F5C782571 /* Pods-Email Authentication Firebase.debug.xcconfig */;
			buildSettings = {
				ASSETCATALOG_COMPILER_APPICON_NAME = AppIcon;
				CODE_SIGN_STYLE = Automatic;
				INFOPLIST_FILE = "Email Authentication Firebase/Info.plist";
				LD_RUNPATH_SEARCH_PATHS = (
					"$(inherited)",
					"@executable_path/Frameworks",
				);
				PRODUCT_BUNDLE_IDENTIFIER = "com.nonet.Email-Authentication-Firebase";
				PRODUCT_NAME = "$(TARGET_NAME)";
				SWIFT_VERSION = 5.0;
				TARGETED_DEVICE_FAMILY = "1,2";
			};
			name = Debug;
		};
		61BF243523A895E600B0D726 /* Release */ = {
			isa = XCBuildConfiguration;
			baseConfigurationReference = ADF208E18A6A2526A7676A5E /* Pods-Email Authentication Firebase.release.xcconfig */;
			buildSettings = {
				ASSETCATALOG_COMPILER_APPICON_NAME = AppIcon;
				CODE_SIGN_STYLE = Automatic;
				INFOPLIST_FILE = "Email Authentication Firebase/Info.plist";
				LD_RUNPATH_SEARCH_PATHS = (
					"$(inherited)",
					"@executable_path/Frameworks",
				);
				PRODUCT_BUNDLE_IDENTIFIER = "com.nonet.Email-Authentication-Firebase";
				PRODUCT_NAME = "$(TARGET_NAME)";
				SWIFT_VERSION = 5.0;
				TARGETED_DEVICE_FAMILY = "1,2";
			};
			name = Release;
		};
		61BF243723A895E600B0D726 /* Debug */ = {
			isa = XCBuildConfiguration;
			baseConfigurationReference = 76EF6A8308D2D3D03809458D /* Pods-Email Authentication FirebaseTests.debug.xcconfig */;
			buildSettings = {
				ALWAYS_EMBED_SWIFT_STANDARD_LIBRARIES = YES;
				BUNDLE_LOADER = "$(TEST_HOST)";
				CODE_SIGN_STYLE = Automatic;
				INFOPLIST_FILE = "Email Authentication FirebaseTests/Info.plist";
				IPHONEOS_DEPLOYMENT_TARGET = 13.2;
				LD_RUNPATH_SEARCH_PATHS = (
					"$(inherited)",
					"@executable_path/Frameworks",
					"@loader_path/Frameworks",
				);
				PRODUCT_BUNDLE_IDENTIFIER = "com.nonet.Email-Authentication-FirebaseTests";
				PRODUCT_NAME = "$(TARGET_NAME)";
				SWIFT_VERSION = 5.0;
				TARGETED_DEVICE_FAMILY = "1,2";
				TEST_HOST = "$(BUILT_PRODUCTS_DIR)/Email Authentication Firebase.app/Email Authentication Firebase";
			};
			name = Debug;
		};
		61BF243823A895E600B0D726 /* Release */ = {
			isa = XCBuildConfiguration;
			baseConfigurationReference = 00461128158E958F1F393D5B /* Pods-Email Authentication FirebaseTests.release.xcconfig */;
			buildSettings = {
				ALWAYS_EMBED_SWIFT_STANDARD_LIBRARIES = YES;
				BUNDLE_LOADER = "$(TEST_HOST)";
				CODE_SIGN_STYLE = Automatic;
				INFOPLIST_FILE = "Email Authentication FirebaseTests/Info.plist";
				IPHONEOS_DEPLOYMENT_TARGET = 13.2;
				LD_RUNPATH_SEARCH_PATHS = (
					"$(inherited)",
					"@executable_path/Frameworks",
					"@loader_path/Frameworks",
				);
				PRODUCT_BUNDLE_IDENTIFIER = "com.nonet.Email-Authentication-FirebaseTests";
				PRODUCT_NAME = "$(TARGET_NAME)";
				SWIFT_VERSION = 5.0;
				TARGETED_DEVICE_FAMILY = "1,2";
				TEST_HOST = "$(BUILT_PRODUCTS_DIR)/Email Authentication Firebase.app/Email Authentication Firebase";
			};
			name = Release;
		};
		61BF243A23A895E600B0D726 /* Debug */ = {
			isa = XCBuildConfiguration;
			baseConfigurationReference = A00B15B7F685474D3D2519B0 /* Pods-Email Authentication Firebase-Email Authentication FirebaseUITests.debug.xcconfig */;
			buildSettings = {
				ALWAYS_EMBED_SWIFT_STANDARD_LIBRARIES = YES;
				CODE_SIGN_STYLE = Automatic;
				INFOPLIST_FILE = "Email Authentication FirebaseUITests/Info.plist";
				LD_RUNPATH_SEARCH_PATHS = (
					"$(inherited)",
					"@executable_path/Frameworks",
					"@loader_path/Frameworks",
				);
				PRODUCT_BUNDLE_IDENTIFIER = "com.nonet.Email-Authentication-FirebaseUITests";
				PRODUCT_NAME = "$(TARGET_NAME)";
				SWIFT_VERSION = 5.0;
				TARGETED_DEVICE_FAMILY = "1,2";
				TEST_TARGET_NAME = "Email Authentication Firebase";
			};
			name = Debug;
		};
		61BF243B23A895E600B0D726 /* Release */ = {
			isa = XCBuildConfiguration;
			baseConfigurationReference = 9D247C3E934013E7CB6D0EB9 /* Pods-Email Authentication Firebase-Email Authentication FirebaseUITests.release.xcconfig */;
			buildSettings = {
				ALWAYS_EMBED_SWIFT_STANDARD_LIBRARIES = YES;
				CODE_SIGN_STYLE = Automatic;
				INFOPLIST_FILE = "Email Authentication FirebaseUITests/Info.plist";
				LD_RUNPATH_SEARCH_PATHS = (
					"$(inherited)",
					"@executable_path/Frameworks",
					"@loader_path/Frameworks",
				);
				PRODUCT_BUNDLE_IDENTIFIER = "com.nonet.Email-Authentication-FirebaseUITests";
				PRODUCT_NAME = "$(TARGET_NAME)";
				SWIFT_VERSION = 5.0;
				TARGETED_DEVICE_FAMILY = "1,2";
				TEST_TARGET_NAME = "Email Authentication Firebase";
			};
			name = Release;
		};
/* End XCBuildConfiguration section */

/* Begin XCConfigurationList section */
		61BF240423A895E300B0D726 /* Build configuration list for PBXProject "Email Authentication Firebase" */ = {
			isa = XCConfigurationList;
			buildConfigurations = (
				61BF243123A895E600B0D726 /* Debug */,
				61BF243223A895E600B0D726 /* Release */,
			);
			defaultConfigurationIsVisible = 0;
			defaultConfigurationName = Release;
		};
		61BF243323A895E600B0D726 /* Build configuration list for PBXNativeTarget "Email Authentication Firebase" */ = {
			isa = XCConfigurationList;
			buildConfigurations = (
				61BF243423A895E600B0D726 /* Debug */,
				61BF243523A895E600B0D726 /* Release */,
			);
			defaultConfigurationIsVisible = 0;
			defaultConfigurationName = Release;
		};
		61BF243623A895E600B0D726 /* Build configuration list for PBXNativeTarget "Email Authentication FirebaseTests" */ = {
			isa = XCConfigurationList;
			buildConfigurations = (
				61BF243723A895E600B0D726 /* Debug */,
				61BF243823A895E600B0D726 /* Release */,
			);
			defaultConfigurationIsVisible = 0;
			defaultConfigurationName = Release;
		};
		61BF243923A895E600B0D726 /* Build configuration list for PBXNativeTarget "Email Authentication FirebaseUITests" */ = {
			isa = XCConfigurationList;
			buildConfigurations = (
				61BF243A23A895E600B0D726 /* Debug */,
				61BF243B23A895E600B0D726 /* Release */,
			);
			defaultConfigurationIsVisible = 0;
			defaultConfigurationName = Release;
		};
/* End XCConfigurationList section */
	};
	rootObject = 61BF240123A895E300B0D726 /* Project object */;
}
